
Microsoft Visual Studio Solution File, Format Version 12.00
# Visual Studio Version 17
VisualStudioVersion = 17.2.32616.157
MinimumVisualStudioVersion = 10.0.40219.1
Project("{9A19103F-16F7-4668-BE54-9A1E7A4F7556}") = "CarWorkshop.MVC", "CarWorkshop.MVC\CarWorkshop.MVC.csproj", "{2E154021-A008-491F-8910-DDBE46766A6D}"
EndProject
Project("{9A19103F-16F7-4668-BE54-9A1E7A4F7556}") = "CarWorkshop.Domain", "CarWorkshop.Domain\CarWorkshop.Domain.csproj", "{30CD2E2C-5FDC-450E-8C86-CF26ACC4CB9D}"
EndProject
Project("{9A19103F-16F7-4668-BE54-9A1E7A4F7556}") = "CarWorkshop.Application", "CarWorkshop.Application\CarWorkshop.Application.csproj", "{775CFF8A-83B9-48DF-8A38-CA11F76834AB}"
EndProject
Project("{9A19103F-16F7-4668-BE54-9A1E7A4F7556}") = "CarWorkshop.Infrastructure", "CarWorkshop.Infrastructure\CarWorkshop.Infrastructure.csproj", "{1D92CE17-7B95-44FA-BAC1-ED085D17B55F}"
EndProject
Project("{FAE04EC0-301F-11D3-BF4B-00C04F79EFBC}") = "CarWorkshop.Domain.Tests", "CarWorkshop.Domain.Tests\CarWorkshop.Domain.Tests.csproj", "{446EC71D-A8C9-42EE-BD08-C2DDC018D5A5}"
EndProject
Global
	GlobalSection(SolutionConfigurationPlatforms) = preSolution
		Debug|Any CPU = Debug|Any CPU
		Release|Any CPU = Release|Any CPU
	EndGlobalSection
	GlobalSection(ProjectConfigurationPlatforms) = postSolution
		{2E154021-A008-491F-8910-DDBE46766A6D}.Debug|Any CPU.ActiveCfg = Debug|Any CPU
		{2E154021-A008-491F-8910-DDBE46766A6D}.Debug|Any CPU.Build.0 = Debug|Any CPU
		{2E154021-A008-491F-8910-DDBE46766A6D}.Release|Any CPU.ActiveCfg = Release|Any CPU
		{2E154021-A008-491F-8910-DDBE46766A6D}.Release|Any CPU.Build.0 = Release|Any CPU
		{30CD2E2C-5FDC-450E-8C86-CF26ACC4CB9D}.Debug|Any CPU.ActiveCfg = Debug|Any CPU
		{30CD2E2C-5FDC-450E-8C86-CF26ACC4CB9D}.Debug|Any CPU.Build.0 = Debug|Any CPU
		{30CD2E2C-5FDC-450E-8C86-CF26ACC4CB9D}.Release|Any CPU.ActiveCfg = Release|Any CPU
		{30CD2E2C-5FDC-450E-8C86-CF26ACC4CB9D}.Release|Any CPU.Build.0 = Release|Any CPU
		{775CFF8A-83B9-48DF-8A38-CA11F76834AB}.Debug|Any CPU.ActiveCfg = Debug|Any CPU
		{775CFF8A-83B9-48DF-8A38-CA11F76834AB}.Debug|Any CPU.Build.0 = Debug|Any CPU
		{775CFF8A-83B9-48DF-8A38-CA11F76834AB}.Release|Any CPU.ActiveCfg = Release|Any CPU
		{775CFF8A-83B9-48DF-8A38-CA11F76834AB}.Release|Any CPU.Build.0 = Release|Any CPU
		{1D92CE17-7B95-44FA-BAC1-ED085D17B55F}.Debug|Any CPU.ActiveCfg = Debug|Any CPU
		{1D92CE17-7B95-44FA-BAC1-ED085D17B55F}.Debug|Any CPU.Build.0 = Debug|Any CPU
		{1D92CE17-7B95-44FA-BAC1-ED085D17B55F}.Release|Any CPU.ActiveCfg = Release|Any CPU
		{1D92CE17-7B95-44FA-BAC1-ED085D17B55F}.Release|Any CPU.Build.0 = Release|Any CPU
		{446EC71D-A8C9-42EE-BD08-C2DDC018D5A5}.Debug|Any CPU.ActiveCfg = Debug|Any CPU
		{446EC71D-A8C9-42EE-BD08-C2DDC018D5A5}.Debug|Any CPU.Build.0 = Debug|Any CPU
		{446EC71D-A8C9-42EE-BD08-C2DDC018D5A5}.Release|Any CPU.ActiveCfg = Release|Any CPU
		{446EC71D-A8C9-42EE-BD08-C2DDC018D5A5}.Release|Any CPU.Build.0 = Release|Any CPU
	EndGlobalSection
	GlobalSection(SolutionProperties) = preSolution
		HideSolutionNode = FALSE
	EndGlobalSection
	GlobalSection(ExtensibilityGlobals) = postSolution
		SolutionGuid = {76894EB2-70F2-408C-B0C4-4E4F5726C59C}
	EndGlobalSection
EndGlobal
